PODS:
  - FBSDKCoreKit (6.5.2):
    - FBSDKCoreKit/Basics (= 6.5.2)
    - FBSDKCoreKit/Core (= 6.5.2)
  - FBSDKCoreKit/Basics (6.5.2)
  - FBSDKCoreKit/Core (6.5.2):
    - FBSDKCoreKit/Basics
  - FBSDKLoginKit (6.5.2):
    - FBSDKLoginKit/Login (= 6.5.2)
  - FBSDKLoginKit/Login (6.5.2):
    - FBSDKCoreKit (~> 6.5.2)
  - GoogleMaps/Base (3.8.0)
  - GooglePlaces (3.8.0):
    - GoogleMaps/Base (= 3.8.0)

DEPENDENCIES:
  - FBSDKLoginKit
  - GooglePlaces

SPEC REPOS:
  trunk:
    - FBSDKCoreKit
    - FBSDKLoginKit
    - GoogleMaps
    - GooglePlaces

SPEC CHECKSUMS:
  FBSDKCoreKit: ada5c8a05188daefc9addb985c52b8a1b26da519
  FBSDKLoginKit: caa165495afa29a12324cb2307fe6e5b33783142
  GoogleMaps: 7c8d66d70e4e8c300f43a7219d8fdaad7b325a9a
  GooglePlaces: d5f70c3e9e427964fdeca1301a665d276ccd8754

PODFILE CHECKSUM: 977fcbc95fd99258f9c98f9c74f0d422b8751fb3

COCOAPODS: 1.8.4
