// !$*UTF8*$!
{
	archiveVersion = 1;
	classes = {
	};
	objectVersion = 51;
	objects = {

/* Begin PBXBuildFile section */
		4FB9016AEED94D4D35C59013 /* Pods_Digit88WhetherApp.framework in Frameworks */ = {isa = PBXBuildFile; fileRef = 682F91071FA4A2D1C2FA918F /* Pods_Digit88WhetherApp.framework */; };
		AD2A89CC245E7C7000A1815F /* AppDelegate.swift in Sources */ = {isa = PBXBuildFile; fileRef = AD2A89CB245E7C7000A1815F /* AppDelegate.swift */; };
		AD2A89CE245E7C7000A1815F /* SceneDelegate.swift in Sources */ = {isa = PBXBuildFile; fileRef = AD2A89CD245E7C7000A1815F /* SceneDelegate.swift */; };
		AD2A89D3245E7C7000A1815F /* Main.storyboard in Resources */ = {isa = PBXBuildFile; fileRef = AD2A89D1245E7C7000A1815F /* Main.storyboard */; };
		AD2A89D5245E7C7100A1815F /* Assets.xcassets in Resources */ = {isa = PBXBuildFile; fileRef = AD2A89D4245E7C7100A1815F /* Assets.xcassets */; };
		AD2A89D8245E7C7100A1815F /* LaunchScreen.storyboard in Resources */ = {isa = PBXBuildFile; fileRef = AD2A89D6245E7C7100A1815F /* LaunchScreen.storyboard */; };
		AD745D222460115100661005 /* ForecastCityModel.swift in Sources */ = {isa = PBXBuildFile; fileRef = AD745D202460115100661005 /* ForecastCityModel.swift */; };
		AD745D232460115100661005 /* AutoCompleteModel.swift in Sources */ = {isa = PBXBuildFile; fileRef = AD745D212460115100661005 /* AutoCompleteModel.swift */; };
		AD745D322460117A00661005 /* demo.gif in Resources */ = {isa = PBXBuildFile; fileRef = AD745D242460117A00661005 /* demo.gif */; };
		AD745D332460117A00661005 /* WeatherReportViewModel.swift in Sources */ = {isa = PBXBuildFile; fileRef = AD745D252460117A00661005 /* WeatherReportViewModel.swift */; };
		AD745D342460117A00661005 /* AutoSuggestTableViewCell.swift in Sources */ = {isa = PBXBuildFile; fileRef = AD745D262460117A00661005 /* AutoSuggestTableViewCell.swift */; };
		AD745D352460117A00661005 /* DownloadImageUtil.swift in Sources */ = {isa = PBXBuildFile; fileRef = AD745D272460117A00661005 /* DownloadImageUtil.swift */; };
		AD745D362460117A00661005 /* ViewController.swift in Sources */ = {isa = PBXBuildFile; fileRef = AD745D282460117A00661005 /* ViewController.swift */; };
		AD745D372460117A00661005 /* WeatherImageCell.swift in Sources */ = {isa = PBXBuildFile; fileRef = AD745D292460117A00661005 /* WeatherImageCell.swift */; };
		AD745D382460117A00661005 /* Gif+Image.swift in Sources */ = {isa = PBXBuildFile; fileRef = AD745D2A2460117A00661005 /* Gif+Image.swift */; };
		AD745D392460117A00661005 /* CustomLoader.swift in Sources */ = {isa = PBXBuildFile; fileRef = AD745D2B2460117A00661005 /* CustomLoader.swift */; };
		AD745D3A2460117A00661005 /* ForeCastCVCell.swift in Sources */ = {isa = PBXBuildFile; fileRef = AD745D2C2460117A00661005 /* ForeCastCVCell.swift */; };
		AD745D3B2460117A00661005 /* WeatherReportModel.swift in Sources */ = {isa = PBXBuildFile; fileRef = AD745D2D2460117A00661005 /* WeatherReportModel.swift */; };
		AD745D3C2460117A00661005 /* UserInfoModel.swift in Sources */ = {isa = PBXBuildFile; fileRef = AD745D2E2460117A00661005 /* UserInfoModel.swift */; };
		AD745D3D2460117A00661005 /* SigninViewModel.swift in Sources */ = {isa = PBXBuildFile; fileRef = AD745D2F2460117A00661005 /* SigninViewModel.swift */; };
		AD745D3E2460117A00661005 /* WeatherReportViewController.swift in Sources */ = {isa = PBXBuildFile; fileRef = AD745D302460117A00661005 /* WeatherReportViewController.swift */; };
		AD745D3F2460117A00661005 /* WeatherMessageCell.swift in Sources */ = {isa = PBXBuildFile; fileRef = AD745D312460117A00661005 /* WeatherMessageCell.swift */; };
		AD745D472460121100661005 /* Digit88WhetherAppTests.swift in Sources */ = {isa = PBXBuildFile; fileRef = AD745D462460121100661005 /* Digit88WhetherAppTests.swift */; };
		AD745D55246012E000661005 /* Digit88WhetherAppUITests.swift in Sources */ = {isa = PBXBuildFile; fileRef = AD745D54246012E000661005 /* Digit88WhetherAppUITests.swift */; };
		F969298B245ED44E00027AAD /* LocalAuthentication.framework in Frameworks */ = {isa = PBXBuildFile; fileRef = F969298A245ED44E00027AAD /* LocalAuthentication.framework */; };
/* End PBXBuildFile section */

/* Begin PBXContainerItemProxy section */
		AD745D492460121100661005 /* PBXContainerItemProxy */ = {
			isa = PBXContainerItemProxy;
			containerPortal = AD2A89C0245E7C7000A1815F /* Project object */;
			proxyType = 1;
			remoteGlobalIDString = AD2A89C7245E7C7000A1815F;
			remoteInfo = Digit88WhetherApp;
		};
		AD745D57246012E000661005 /* PBXContainerItemProxy */ = {
			isa = PBXContainerItemProxy;
			containerPortal = AD2A89C0245E7C7000A1815F /* Project object */;
			proxyType = 1;
			remoteGlobalIDString = AD2A89C7245E7C7000A1815F;
			remoteInfo = Digit88WhetherApp;
		};
/* End PBXContainerItemProxy section */

/* Begin PBXFileReference section */
		60C290E00F53F95DACB76061 /* Pods-Digit88WhetherAppTests.release.xcconfig */ = {isa = PBXFileReference; includeInIndex = 1; lastKnownFileType = text.xcconfig; name = "Pods-Digit88WhetherAppTests.release.xcconfig"; path = "Target Support Files/Pods-Digit88WhetherAppTests/Pods-Digit88WhetherAppTests.release.xcconfig"; sourceTree = "<group>"; };
		628BB82F71AFF106D965769D /* Pods_Digit88WhetherApp_Digit88WhetherAppUITests.framework */ = {isa = PBXFileReference; explicitFileType = wrapper.framework; includeInIndex = 0; path = Pods_Digit88WhetherApp_Digit88WhetherAppUITests.framework; sourceTree = BUILT_PRODUCTS_DIR; };
		682F91071FA4A2D1C2FA918F /* Pods_Digit88WhetherApp.framework */ = {isa = PBXFileReference; explicitFileType = wrapper.framework; includeInIndex = 0; path = Pods_Digit88WhetherApp.framework; sourceTree = BUILT_PRODUCTS_DIR; };
		92209E058D344438870CEE92 /* Pods_Digit88WhetherAppTests.framework */ = {isa = PBXFileReference; explicitFileType = wrapper.framework; includeInIndex = 0; path = Pods_Digit88WhetherAppTests.framework; sourceTree = BUILT_PRODUCTS_DIR; };
		A02C31873844880939482B79 /* Pods-Digit88WhetherAppTests.debug.xcconfig */ = {isa = PBXFileReference; includeInIndex = 1; lastKnownFileType = text.xcconfig; name = "Pods-Digit88WhetherAppTests.debug.xcconfig"; path = "Target Support Files/Pods-Digit88WhetherAppTests/Pods-Digit88WhetherAppTests.debug.xcconfig"; sourceTree = "<group>"; };
		AD2A89C8245E7C7000A1815F /* Digit88WhetherApp.app */ = {isa = PBXFileReference; explicitFileType = wrapper.application; includeInIndex = 0; path = Digit88WhetherApp.app; sourceTree = BUILT_PRODUCTS_DIR; };
		AD2A89CB245E7C7000A1815F /* AppDelegate.swift */ = {isa = PBXFileReference; lastKnownFileType = sourcecode.swift; path = AppDelegate.swift; sourceTree = "<group>"; };
		AD2A89CD245E7C7000A1815F /* SceneDelegate.swift */ = {isa = PBXFileReference; lastKnownFileType = sourcecode.swift; path = SceneDelegate.swift; sourceTree = "<group>"; };
		AD2A89D2245E7C7000A1815F /* Base */ = {isa = PBXFileReference; lastKnownFileType = file.storyboard; name = Base; path = Base.lproj/Main.storyboard; sourceTree = "<group>"; };
		AD2A89D4245E7C7100A1815F /* Assets.xcassets */ = {isa = PBXFileReference; lastKnownFileType = folder.assetcatalog; path = Assets.xcassets; sourceTree = "<group>"; };
		AD2A89D7245E7C7100A1815F /* Base */ = {isa = PBXFileReference; lastKnownFileType = file.storyboard; name = Base; path = Base.lproj/LaunchScreen.storyboard; sourceTree = "<group>"; };
		AD2A89D9245E7C7100A1815F /* Info.plist */ = {isa = PBXFileReference; lastKnownFileType = text.plist.xml; path = Info.plist; sourceTree = "<group>"; };
		AD745D202460115100661005 /* ForecastCityModel.swift */ = {isa = PBXFileReference; fileEncoding = 4; lastKnownFileType = sourcecode.swift; path = ForecastCityModel.swift; sourceTree = "<group>"; };
		AD745D212460115100661005 /* AutoCompleteModel.swift */ = {isa = PBXFileReference; fileEncoding = 4; lastKnownFileType = sourcecode.swift; path = AutoCompleteModel.swift; sourceTree = "<group>"; };
		AD745D242460117A00661005 /* demo.gif */ = {isa = PBXFileReference; lastKnownFileType = image.gif; path = demo.gif; sourceTree = "<group>"; };
		AD745D252460117A00661005 /* WeatherReportViewModel.swift */ = {isa = PBXFileReference; fileEncoding = 4; lastKnownFileType = sourcecode.swift; path = WeatherReportViewModel.swift; sourceTree = "<group>"; };
		AD745D262460117A00661005 /* AutoSuggestTableViewCell.swift */ = {isa = PBXFileReference; fileEncoding = 4; lastKnownFileType = sourcecode.swift; path = AutoSuggestTableViewCell.swift; sourceTree = "<group>"; };
		AD745D272460117A00661005 /* DownloadImageUtil.swift */ = {isa = PBXFileReference; fileEncoding = 4; lastKnownFileType = sourcecode.swift; path = DownloadImageUtil.swift; sourceTree = "<group>"; };
		AD745D282460117A00661005 /* ViewController.swift */ = {isa = PBXFileReference; fileEncoding = 4; lastKnownFileType = sourcecode.swift; path = ViewController.swift; sourceTree = "<group>"; };
		AD745D292460117A00661005 /* WeatherImageCell.swift */ = {isa = PBXFileReference; fileEncoding = 4; lastKnownFileType = sourcecode.swift; path = WeatherImageCell.swift; sourceTree = "<group>"; };
		AD745D2A2460117A00661005 /* Gif+Image.swift */ = {isa = PBXFileReference; fileEncoding = 4; lastKnownFileType = sourcecode.swift; path = "Gif+Image.swift"; sourceTree = "<group>"; };
		AD745D2B2460117A00661005 /* CustomLoader.swift */ = {isa = PBXFileReference; fileEncoding = 4; lastKnownFileType = sourcecode.swift; path = CustomLoader.swift; sourceTree = "<group>"; };
		AD745D2C2460117A00661005 /* ForeCastCVCell.swift */ = {isa = PBXFileReference; fileEncoding = 4; lastKnownFileType = sourcecode.swift; path = ForeCastCVCell.swift; sourceTree = "<group>"; };
		AD745D2D2460117A00661005 /* WeatherReportModel.swift */ = {isa = PBXFileReference; fileEncoding = 4; lastKnownFileType = sourcecode.swift; path = WeatherReportModel.swift; sourceTree = "<group>"; };
		AD745D2E2460117A00661005 /* UserInfoModel.swift */ = {isa = PBXFileReference; fileEncoding = 4; lastKnownFileType = sourcecode.swift; path = UserInfoModel.swift; sourceTree = "<group>"; };
		AD745D2F2460117A00661005 /* SigninViewModel.swift */ = {isa = PBXFileReference; fileEncoding = 4; lastKnownFileType = sourcecode.swift; path = SigninViewModel.swift; sourceTree = "<group>"; };
		AD745D302460117A00661005 /* WeatherReportViewController.swift */ = {isa = PBXFileReference; fileEncoding = 4; lastKnownFileType = sourcecode.swift; path = WeatherReportViewController.swift; sourceTree = "<group>"; };
		AD745D312460117A00661005 /* WeatherMessageCell.swift */ = {isa = PBXFileReference; fileEncoding = 4; lastKnownFileType = sourcecode.swift; path = WeatherMessageCell.swift; sourceTree = "<group>"; };
		AD745D442460121100661005 /* Digit88WhetherAppTests.xctest */ = {isa = PBXFileReference; explicitFileType = wrapper.cfbundle; includeInIndex = 0; path = Digit88WhetherAppTests.xctest; sourceTree = BUILT_PRODUCTS_DIR; };
		AD745D462460121100661005 /* Digit88WhetherAppTests.swift */ = {isa = PBXFileReference; lastKnownFileType = sourcecode.swift; path = Digit88WhetherAppTests.swift; sourceTree = "<group>"; };
		AD745D482460121100661005 /* Info.plist */ = {isa = PBXFileReference; lastKnownFileType = text.plist.xml; path = Info.plist; sourceTree = "<group>"; };
		AD745D52246012E000661005 /* Digit88WhetherAppUITests.xctest */ = {isa = PBXFileReference; explicitFileType = wrapper.cfbundle; includeInIndex = 0; path = Digit88WhetherAppUITests.xctest; sourceTree = BUILT_PRODUCTS_DIR; };
		AD745D54246012E000661005 /* Digit88WhetherAppUITests.swift */ = {isa = PBXFileReference; lastKnownFileType = sourcecode.swift; path = Digit88WhetherAppUITests.swift; sourceTree = "<group>"; };
		AD745D56246012E000661005 /* Info.plist */ = {isa = PBXFileReference; lastKnownFileType = text.plist.xml; path = Info.plist; sourceTree = "<group>"; };
		BF7A93DA8D003B4D836EAE9F /* Pods-Digit88WhetherApp-Digit88WhetherAppUITests.debug.xcconfig */ = {isa = PBXFileReference; includeInIndex = 1; lastKnownFileType = text.xcconfig; name = "Pods-Digit88WhetherApp-Digit88WhetherAppUITests.debug.xcconfig"; path = "Target Support Files/Pods-Digit88WhetherApp-Digit88WhetherAppUITests/Pods-Digit88WhetherApp-Digit88WhetherAppUITests.debug.xcconfig"; sourceTree = "<group>"; };
		C0ABAF87462233750A0B7BE1 /* Pods-Digit88WhetherApp.release.xcconfig */ = {isa = PBXFileReference; includeInIndex = 1; lastKnownFileType = text.xcconfig; name = "Pods-Digit88WhetherApp.release.xcconfig"; path = "Target Support Files/Pods-Digit88WhetherApp/Pods-Digit88WhetherApp.release.xcconfig"; sourceTree = "<group>"; };
		C4B04DEF65FACCCFDB41E171 /* Pods-Digit88WhetherApp-Digit88WhetherAppUITests.release.xcconfig */ = {isa = PBXFileReference; includeInIndex = 1; lastKnownFileType = text.xcconfig; name = "Pods-Digit88WhetherApp-Digit88WhetherAppUITests.release.xcconfig"; path = "Target Support Files/Pods-Digit88WhetherApp-Digit88WhetherAppUITests/Pods-Digit88WhetherApp-Digit88WhetherAppUITests.release.xcconfig"; sourceTree = "<group>"; };
		F90E08385653F25B32FB6533 /* Pods-Digit88WhetherApp.debug.xcconfig */ = {isa = PBXFileReference; includeInIndex = 1; lastKnownFileType = text.xcconfig; name = "Pods-Digit88WhetherApp.debug.xcconfig"; path = "Target Support Files/Pods-Digit88WhetherApp/Pods-Digit88WhetherApp.debug.xcconfig"; sourceTree = "<group>"; };
		F969298A245ED44E00027AAD /* LocalAuthentication.framework */ = {isa = PBXFileReference; lastKnownFileType = wrapper.framework; name = LocalAuthentication.framework; path = System/Library/Frameworks/LocalAuthentication.framework; sourceTree = SDKROOT; };
/* End PBXFileReference section */

/* Begin PBXFrameworksBuildPhase section */
		AD2A89C5245E7C7000A1815F /* Frameworks */ = {
			isa = PBXFrameworksBuildPhase;
			buildActionMask = 2147483647;
			files = (
				F969298B245ED44E00027AAD /* LocalAuthentication.framework in Frameworks */,
				4FB9016AEED94D4D35C59013 /* Pods_Digit88WhetherApp.framework in Frameworks */,
			);
			runOnlyForDeploymentPostprocessing = 0;
		};
		AD745D412460121100661005 /* Frameworks */ = {
			isa = PBXFrameworksBuildPhase;
			buildActionMask = 2147483647;
			files = (
			);
			runOnlyForDeploymentPostprocessing = 0;
		};
		AD745D4F246012E000661005 /* Frameworks */ = {
			isa = PBXFrameworksBuildPhase;
			buildActionMask = 2147483647;
			files = (
			);
			runOnlyForDeploymentPostprocessing = 0;
		};
/* End PBXFrameworksBuildPhase section */

/* Begin PBXGroup section */
		AD2A89BF245E7C7000A1815F = {
			isa = PBXGroup;
			children = (
				AD2A89CA245E7C7000A1815F /* Digit88WhetherApp */,
				AD745D452460121100661005 /* Digit88WhetherAppTests */,
				AD745D53246012E000661005 /* Digit88WhetherAppUITests */,
				AD2A89C9245E7C7000A1815F /* Products */,
				F95EE8082ECB2CEE7B00C63E /* Pods */,
				F49BD42823C96E5E3E782BBA /* Frameworks */,
			);
			sourceTree = "<group>";
		};
		AD2A89C9245E7C7000A1815F /* Products */ = {
			isa = PBXGroup;
			children = (
				AD2A89C8245E7C7000A1815F /* Digit88WhetherApp.app */,
				AD745D442460121100661005 /* Digit88WhetherAppTests.xctest */,
				AD745D52246012E000661005 /* Digit88WhetherAppUITests.xctest */,
			);
			name = Products;
			sourceTree = "<group>";
		};
		AD2A89CA245E7C7000A1815F /* Digit88WhetherApp */ = {
			isa = PBXGroup;
			children = (
				AD745D60246013C300661005 /* CustomLoader */,
				AD745D61246013C300661005 /* Utils */,
				AD745D5D2460133500661005 /* CustomCell */,
				AD745D5C2460133500661005 /* CustomModel */,
				AD745D5E2460133500661005 /* ViewController */,
				AD745D5F2460133500661005 /* ViewModel */,
				AD2A89CB245E7C7000A1815F /* AppDelegate.swift */,
				AD2A89CD245E7C7000A1815F /* SceneDelegate.swift */,
				AD2A89D1245E7C7000A1815F /* Main.storyboard */,
				AD2A89D4245E7C7100A1815F /* Assets.xcassets */,
				AD2A89D6245E7C7100A1815F /* LaunchScreen.storyboard */,
				AD2A89D9245E7C7100A1815F /* Info.plist */,
			);
			path = Digit88WhetherApp;
			sourceTree = "<group>";
		};
		AD745D452460121100661005 /* Digit88WhetherAppTests */ = {
			isa = PBXGroup;
			children = (
				AD745D462460121100661005 /* Digit88WhetherAppTests.swift */,
				AD745D482460121100661005 /* Info.plist */,
			);
			path = Digit88WhetherAppTests;
			sourceTree = "<group>";
		};
		AD745D53246012E000661005 /* Digit88WhetherAppUITests */ = {
			isa = PBXGroup;
			children = (
				AD745D54246012E000661005 /* Digit88WhetherAppUITests.swift */,
				AD745D56246012E000661005 /* Info.plist */,
			);
			path = Digit88WhetherAppUITests;
			sourceTree = "<group>";
		};
		AD745D5C2460133500661005 /* CustomModel */ = {
			isa = PBXGroup;
			children = (
				AD745D212460115100661005 /* AutoCompleteModel.swift */,
				AD745D202460115100661005 /* ForecastCityModel.swift */,
				AD745D2E2460117A00661005 /* UserInfoModel.swift */,
				AD745D2D2460117A00661005 /* WeatherReportModel.swift */,
			);
			path = CustomModel;
			sourceTree = "<group>";
		};
		AD745D5D2460133500661005 /* CustomCell */ = {
			isa = PBXGroup;
			children = (
				AD745D262460117A00661005 /* AutoSuggestTableViewCell.swift */,
				AD745D2C2460117A00661005 /* ForeCastCVCell.swift */,
				AD745D292460117A00661005 /* WeatherImageCell.swift */,
				AD745D312460117A00661005 /* WeatherMessageCell.swift */,
			);
			path = CustomCell;
			sourceTree = "<group>";
		};
		AD745D5E2460133500661005 /* ViewController */ = {
			isa = PBXGroup;
			children = (
				AD745D282460117A00661005 /* ViewController.swift */,
				AD745D302460117A00661005 /* WeatherReportViewController.swift */,
			);
			path = ViewController;
			sourceTree = "<group>";
		};
		AD745D5F2460133500661005 /* ViewModel */ = {
			isa = PBXGroup;
			children = (
				AD745D252460117A00661005 /* WeatherReportViewModel.swift */,
				AD745D2F2460117A00661005 /* SigninViewModel.swift */,
			);
			path = ViewModel;
			sourceTree = "<group>";
		};
		AD745D60246013C300661005 /* CustomLoader */ = {
			isa = PBXGroup;
			children = (
				AD745D2B2460117A00661005 /* CustomLoader.swift */,
				AD745D242460117A00661005 /* demo.gif */,
				AD745D2A2460117A00661005 /* Gif+Image.swift */,
			);
			path = CustomLoader;
			sourceTree = "<group>";
		};
		AD745D61246013C300661005 /* Utils */ = {
			isa = PBXGroup;
			children = (
				AD745D272460117A00661005 /* DownloadImageUtil.swift */,
			);
			path = Utils;
			sourceTree = "<group>";
		};
		F49BD42823C96E5E3E782BBA /* Frameworks */ = {
			isa = PBXGroup;
			children = (
				F969298A245ED44E00027AAD /* LocalAuthentication.framework */,
				682F91071FA4A2D1C2FA918F /* Pods_Digit88WhetherApp.framework */,
				628BB82F71AFF106D965769D /* Pods_Digit88WhetherApp_Digit88WhetherAppUITests.framework */,
				92209E058D344438870CEE92 /* Pods_Digit88WhetherAppTests.framework */,
			);
			name = Frameworks;
			sourceTree = "<group>";
		};
		F95EE8082ECB2CEE7B00C63E /* Pods */ = {
			isa = PBXGroup;
			children = (
				F90E08385653F25B32FB6533 /* Pods-Digit88WhetherApp.debug.xcconfig */,
				C0ABAF87462233750A0B7BE1 /* Pods-Digit88WhetherApp.release.xcconfig */,
				BF7A93DA8D003B4D836EAE9F /* Pods-Digit88WhetherApp-Digit88WhetherAppUITests.debug.xcconfig */,
				C4B04DEF65FACCCFDB41E171 /* Pods-Digit88WhetherApp-Digit88WhetherAppUITests.release.xcconfig */,
				A02C31873844880939482B79 /* Pods-Digit88WhetherAppTests.debug.xcconfig */,
				60C290E00F53F95DACB76061 /* Pods-Digit88WhetherAppTests.release.xcconfig */,
			);
			path = Pods;
			sourceTree = "<group>";
		};
/* End PBXGroup section */

/* Begin PBXNativeTarget section */
		AD2A89C7245E7C7000A1815F /* Digit88WhetherApp */ = {
			isa = PBXNativeTarget;
			buildConfigurationList = AD2A89F2245E7C7100A1815F /* Build configuration list for PBXNativeTarget "Digit88WhetherApp" */;
			buildPhases = (
				2ABF895D6785C9F1660213ED /* [CP] Check Pods Manifest.lock */,
				AD2A89C4245E7C7000A1815F /* Sources */,
				AD2A89C5245E7C7000A1815F /* Frameworks */,
				AD2A89C6245E7C7000A1815F /* Resources */,
				E72B7A16883D3529B0E4D9FB /* [CP] Embed Pods Frameworks */,
				5655D58B4A1937798F8F2520 /* [CP] Copy Pods Resources */,
			);
			buildRules = (
			);
			dependencies = (
			);
			name = Digit88WhetherApp;
			productName = Digit88WhetherApp;
			productReference = AD2A89C8245E7C7000A1815F /* Digit88WhetherApp.app */;
			productType = "com.apple.product-type.application";
		};
		AD745D432460121100661005 /* Digit88WhetherAppTests */ = {
			isa = PBXNativeTarget;
			buildConfigurationList = AD745D4B2460121100661005 /* Build configuration list for PBXNativeTarget "Digit88WhetherAppTests" */;
			buildPhases = (
				AD745D402460121100661005 /* Sources */,
				AD745D412460121100661005 /* Frameworks */,
				AD745D422460121100661005 /* Resources */,
			);
			buildRules = (
			);
			dependencies = (
				AD745D4A2460121100661005 /* PBXTargetDependency */,
			);
			name = Digit88WhetherAppTests;
			productName = Digit88WhetherAppTests;
			productReference = AD745D442460121100661005 /* Digit88WhetherAppTests.xctest */;
			productType = "com.apple.product-type.bundle.unit-test";
		};
		AD745D51246012E000661005 /* Digit88WhetherAppUITests */ = {
			isa = PBXNativeTarget;
			buildConfigurationList = AD745D59246012E000661005 /* Build configuration list for PBXNativeTarget "Digit88WhetherAppUITests" */;
			buildPhases = (
				AD745D4E246012E000661005 /* Sources */,
				AD745D4F246012E000661005 /* Frameworks */,
				AD745D50246012E000661005 /* Resources */,
			);
			buildRules = (
			);
			dependencies = (
				AD745D58246012E000661005 /* PBXTargetDependency */,
			);
			name = Digit88WhetherAppUITests;
			productName = Digit88WhetherAppUITests;
			productReference = AD745D52246012E000661005 /* Digit88WhetherAppUITests.xctest */;
			productType = "com.apple.product-type.bundle.ui-testing";
		};
/* End PBXNativeTarget section */

/* Begin PBXProject section */
		AD2A89C0245E7C7000A1815F /* Project object */ = {
			isa = PBXProject;
			attributes = {
				LastSwiftUpdateCheck = 1100;
				LastUpgradeCheck = 1100;
				ORGANIZATIONNAME = Sudhakar;
				TargetAttributes = {
					AD2A89C7245E7C7000A1815F = {
						CreatedOnToolsVersion = 11.0;
					};
					AD745D432460121100661005 = {
						CreatedOnToolsVersion = 11.0;
						TestTargetID = AD2A89C7245E7C7000A1815F;
					};
					AD745D51246012E000661005 = {
						CreatedOnToolsVersion = 11.0;
						TestTargetID = AD2A89C7245E7C7000A1815F;
					};
				};
			};
			buildConfigurationList = AD2A89C3245E7C7000A1815F /* Build configuration list for PBXProject "Digit88WhetherApp" */;
			compatibilityVersion = "Xcode 9.3";
			developmentRegion = en;
			hasScannedForEncodings = 0;
			knownRegions = (
				en,
				Base,
			);
			mainGroup = AD2A89BF245E7C7000A1815F;
			productRefGroup = AD2A89C9245E7C7000A1815F /* Products */;
			projectDirPath = "";
			projectRoot = "";
			targets = (
				AD2A89C7245E7C7000A1815F /* Digit88WhetherApp */,
				AD745D432460121100661005 /* Digit88WhetherAppTests */,
				AD745D51246012E000661005 /* Digit88WhetherAppUITests */,
			);
		};
/* End PBXProject section */

/* Begin PBXResourcesBuildPhase section */
		AD2A89C6245E7C7000A1815F /* Resources */ = {
			isa = PBXResourcesBuildPhase;
			buildActionMask = 2147483647;
			files = (
				AD2A89D8245E7C7100A1815F /* LaunchScreen.storyboard in Resources */,
				AD745D322460117A00661005 /* demo.gif in Resources */,
				AD2A89D5245E7C7100A1815F /* Assets.xcassets in Resources */,
				AD2A89D3245E7C7000A1815F /* Main.storyboard in Resources */,
			);
			runOnlyForDeploymentPostprocessing = 0;
		};
		AD745D422460121100661005 /* Resources */ = {
			isa = PBXResourcesBuildPhase;
			buildActionMask = 2147483647;
			files = (
			);
			runOnlyForDeploymentPostprocessing = 0;
		};
		AD745D50246012E000661005 /* Resources */ = {
			isa = PBXResourcesBuildPhase;
			buildActionMask = 2147483647;
			files = (
			);
			runOnlyForDeploymentPostprocessing = 0;
		};
/* End PBXResourcesBuildPhase section */

/* Begin PBXShellScriptBuildPhase section */
		2ABF895D6785C9F1660213ED /* [CP] Check Pods Manifest.lock */ = {
			isa = PBXShellScriptBuildPhase;
			buildActionMask = 2147483647;
			files = (
			);
			inputFileListPaths = (
			);
			inputPaths = (
				"${PODS_PODFILE_DIR_PATH}/Podfile.lock",
				"${PODS_ROOT}/Manifest.lock",
			);
			name = "[CP] Check Pods Manifest.lock";
			outputFileListPaths = (
			);
			outputPaths = (
				"$(DERIVED_FILE_DIR)/Pods-Digit88WhetherApp-checkManifestLockResult.txt",
			);
			runOnlyForDeploymentPostprocessing = 0;
			shellPath = /bin/sh;
			shellScript = "diff \"${PODS_PODFILE_DIR_PATH}/Podfile.lock\" \"${PODS_ROOT}/Manifest.lock\" > /dev/null\nif [ $? != 0 ] ; then\n    # print error to STDERR\n    echo \"error: The sandbox is not in sync with the Podfile.lock. Run 'pod install' or update your CocoaPods installation.\" >&2\n    exit 1\nfi\n# This output is used by Xcode 'outputs' to avoid re-running this script phase.\necho \"SUCCESS\" > \"${SCRIPT_OUTPUT_FILE_0}\"\n";
			showEnvVarsInLog = 0;
		};
		5655D58B4A1937798F8F2520 /* [CP] Copy Pods Resources */ = {
			isa = PBXShellScriptBuildPhase;
			buildActionMask = 2147483647;
			files = (
			);
			inputFileListPaths = (
				"${PODS_ROOT}/Target Support Files/Pods-Digit88WhetherApp/Pods-Digit88WhetherApp-resources-${CONFIGURATION}-input-files.xcfilelist",
			);
			name = "[CP] Copy Pods Resources";
			outputFileListPaths = (
				"${PODS_ROOT}/Target Support Files/Pods-Digit88WhetherApp/Pods-Digit88WhetherApp-resources-${CONFIGURATION}-output-files.xcfilelist",
			);
			runOnlyForDeploymentPostprocessing = 0;
			shellPath = /bin/sh;
			shellScript = "\"${PODS_ROOT}/Target Support Files/Pods-Digit88WhetherApp/Pods-Digit88WhetherApp-resources.sh\"\n";
			showEnvVarsInLog = 0;
		};
		E72B7A16883D3529B0E4D9FB /* [CP] Embed Pods Frameworks */ = {
			isa = PBXShellScriptBuildPhase;
			buildActionMask = 2147483647;
			files = (
			);
			inputFileListPaths = (
				"${PODS_ROOT}/Target Support Files/Pods-Digit88WhetherApp/Pods-Digit88WhetherApp-frameworks-${CONFIGURATION}-input-files.xcfilelist",
			);
			name = "[CP] Embed Pods Frameworks";
			outputFileListPaths = (
				"${PODS_ROOT}/Target Support Files/Pods-Digit88WhetherApp/Pods-Digit88WhetherApp-frameworks-${CONFIGURATION}-output-files.xcfilelist",
			);
			runOnlyForDeploymentPostprocessing = 0;
			shellPath = /bin/sh;
			shellScript = "\"${PODS_ROOT}/Target Support Files/Pods-Digit88WhetherApp/Pods-Digit88WhetherApp-frameworks.sh\"\n";
			showEnvVarsInLog = 0;
		};
/* End PBXShellScriptBuildPhase section */

/* Begin PBXSourcesBuildPhase section */
		AD2A89C4245E7C7000A1815F /* Sources */ = {
			isa = PBXSourcesBuildPhase;
			buildActionMask = 2147483647;
			files = (
				AD745D232460115100661005 /* AutoCompleteModel.swift in Sources */,
				AD745D342460117A00661005 /* AutoSuggestTableViewCell.swift in Sources */,
				AD745D332460117A00661005 /* WeatherReportViewModel.swift in Sources */,
				AD745D392460117A00661005 /* CustomLoader.swift in Sources */,
				AD745D3C2460117A00661005 /* UserInfoModel.swift in Sources */,
				AD745D3E2460117A00661005 /* WeatherReportViewController.swift in Sources */,
				AD745D352460117A00661005 /* DownloadImageUtil.swift in Sources */,
				AD745D372460117A00661005 /* WeatherImageCell.swift in Sources */,
				AD745D222460115100661005 /* ForecastCityModel.swift in Sources */,
				AD2A89CC245E7C7000A1815F /* AppDelegate.swift in Sources */,
				AD745D3F2460117A00661005 /* WeatherMessageCell.swift in Sources */,
				AD745D362460117A00661005 /* ViewController.swift in Sources */,
				AD745D382460117A00661005 /* Gif+Image.swift in Sources */,
				AD2A89CE245E7C7000A1815F /* SceneDelegate.swift in Sources */,
				AD745D3D2460117A00661005 /* SigninViewModel.swift in Sources */,
				AD745D3A2460117A00661005 /* ForeCastCVCell.swift in Sources */,
				AD745D3B2460117A00661005 /* WeatherReportModel.swift in Sources */,
			);
			runOnlyForDeploymentPostprocessing = 0;
		};
		AD745D402460121100661005 /* Sources */ = {
			isa = PBXSourcesBuildPhase;
			buildActionMask = 2147483647;
			files = (
				AD745D472460121100661005 /* Digit88WhetherAppTests.swift in Sources */,
			);
			runOnlyForDeploymentPostprocessing = 0;
		};
		AD745D4E246012E000661005 /* Sources */ = {
			isa = PBXSourcesBuildPhase;
			buildActionMask = 2147483647;
			files = (
				AD745D55246012E000661005 /* Digit88WhetherAppUITests.swift in Sources */,
			);
			runOnlyForDeploymentPostprocessing = 0;
		};
/* End PBXSourcesBuildPhase section */

/* Begin PBXTargetDependency section */
		AD745D4A2460121100661005 /* PBXTargetDependency */ = {
			isa = PBXTargetDependency;
			target = AD2A89C7245E7C7000A1815F /* Digit88WhetherApp */;
			targetProxy = AD745D492460121100661005 /* PBXContainerItemProxy */;
		};
		AD745D58246012E000661005 /* PBXTargetDependency */ = {
			isa = PBXTargetDependency;
			target = AD2A89C7245E7C7000A1815F /* Digit88WhetherApp */;
			targetProxy = AD745D57246012E000661005 /* PBXContainerItemProxy */;
		};
/* End PBXTargetDependency section */

/* Begin PBXVariantGroup section */
		AD2A89D1245E7C7000A1815F /* Main.storyboard */ = {
			isa = PBXVariantGroup;
			children = (
				AD2A89D2245E7C7000A1815F /* Base */,
			);
			name = Main.storyboard;
			sourceTree = "<group>";
		};
		AD2A89D6245E7C7100A1815F /* LaunchScreen.storyboard */ = {
			isa = PBXVariantGroup;
			children = (
				AD2A89D7245E7C7100A1815F /* Base */,
			);
			name = LaunchScreen.storyboard;
			sourceTree = "<group>";
		};
/* End PBXVariantGroup section */

/* Begin XCBuildConfiguration section */
		AD2A89F0245E7C7100A1815F /* Debug */ = {
			isa = XCBuildConfiguration;
			buildSettings = {
				ALWAYS_SEARCH_USER_PATHS = NO;
				CLANG_ANALYZER_NONNULL = YES;
				CLANG_ANALYZER_NUMBER_OBJECT_CONVERSION = YES_AGGRESSIVE;
				CLANG_CXX_LANGUAGE_STANDARD = "gnu++14";
				CLANG_CXX_LIBRARY = "libc++";
				CLANG_ENABLE_MODULES = YES;
				CLANG_ENABLE_OBJC_ARC = YES;
				CLANG_ENABLE_OBJC_WEAK = YES;
				CLANG_WARN_BLOCK_CAPTURE_AUTORELEASING = YES;
				CLANG_WARN_BOOL_CONVERSION = YES;
				CLANG_WARN_COMMA = YES;
				CLANG_WARN_CONSTANT_CONVERSION = YES;
				CLANG_WARN_DEPRECATED_OBJC_IMPLEMENTATIONS = YES;
				CLANG_WARN_DIRECT_OBJC_ISA_USAGE = YES_ERROR;
				CLANG_WARN_DOCUMENTATION_COMMENTS = YES;
				CLANG_WARN_EMPTY_BODY = YES;
				CLANG_WARN_ENUM_CONVERSION = YES;
				CLANG_WARN_INFINITE_RECURSION = YES;
				CLANG_WARN_INT_CONVERSION = YES;
				CLANG_WARN_NON_LITERAL_NULL_CONVERSION = YES;
				CLANG_WARN_OBJC_IMPLICIT_RETAIN_SELF = YES;
				CLANG_WARN_OBJC_LITERAL_CONVERSION = YES;
				CLANG_WARN_OBJC_ROOT_CLASS = YES_ERROR;
				CLANG_WARN_RANGE_LOOP_ANALYSIS = YES;
				CLANG_WARN_STRICT_PROTOTYPES = YES;
				CLANG_WARN_SUSPICIOUS_MOVE = YES;
				CLANG_WARN_UNGUARDED_AVAILABILITY = YES_AGGRESSIVE;
				CLANG_WARN_UNREACHABLE_CODE = YES;
				CLANG_WARN__DUPLICATE_METHOD_MATCH = YES;
				COPY_PHASE_STRIP = NO;
				DEBUG_INFORMATION_FORMAT = dwarf;
				ENABLE_STRICT_OBJC_MSGSEND = YES;
				ENABLE_TESTABILITY = YES;
				GCC_C_LANGUAGE_STANDARD = gnu11;
				GCC_DYNAMIC_NO_PIC = NO;
				GCC_NO_COMMON_BLOCKS = YES;
				GCC_OPTIMIZATION_LEVEL = 0;
				GCC_PREPROCESSOR_DEFINITIONS = (
					"DEBUG=1",
					"$(inherited)",
				);
				GCC_WARN_64_TO_32_BIT_CONVERSION = YES;
				GCC_WARN_ABOUT_RETURN_TYPE = YES_ERROR;
				GCC_WARN_UNDECLARED_SELECTOR = YES;
				GCC_WARN_UNINITIALIZED_AUTOS = YES_AGGRESSIVE;
				GCC_WARN_UNUSED_FUNCTION = YES;
				GCC_WARN_UNUSED_VARIABLE = YES;
				IPHONEOS_DEPLOYMENT_TARGET = 13.0;
				MTL_ENABLE_DEBUG_INFO = INCLUDE_SOURCE;
				MTL_FAST_MATH = YES;
				ONLY_ACTIVE_ARCH = YES;
				SDKROOT = iphoneos;
				SWIFT_ACTIVE_COMPILATION_CONDITIONS = DEBUG;
				SWIFT_OPTIMIZATION_LEVEL = "-Onone";
			};
			name = Debug;
		};
		AD2A89F1245E7C7100A1815F /* Release */ = {
			isa = XCBuildConfiguration;
			buildSettings = {
				ALWAYS_SEARCH_USER_PATHS = NO;
				CLANG_ANALYZER_NONNULL = YES;
				CLANG_ANALYZER_NUMBER_OBJECT_CONVERSION = YES_AGGRESSIVE;
				CLANG_CXX_LANGUAGE_STANDARD = "gnu++14";
				CLANG_CXX_LIBRARY = "libc++";
				CLANG_ENABLE_MODULES = YES;
				CLANG_ENABLE_OBJC_ARC = YES;
				CLANG_ENABLE_OBJC_WEAK = YES;
				CLANG_WARN_BLOCK_CAPTURE_AUTORELEASING = YES;
				CLANG_WARN_BOOL_CONVERSION = YES;
				CLANG_WARN_COMMA = YES;
				CLANG_WARN_CONSTANT_CONVERSION = YES;
				CLANG_WARN_DEPRECATED_OBJC_IMPLEMENTATIONS = YES;
				CLANG_WARN_DIRECT_OBJC_ISA_USAGE = YES_ERROR;
				CLANG_WARN_DOCUMENTATION_COMMENTS = YES;
				CLANG_WARN_EMPTY_BODY = YES;
				CLANG_WARN_ENUM_CONVERSION = YES;
				CLANG_WARN_INFINITE_RECURSION = YES;
				CLANG_WARN_INT_CONVERSION = YES;
				CLANG_WARN_NON_LITERAL_NULL_CONVERSION = YES;
				CLANG_WARN_OBJC_IMPLICIT_RETAIN_SELF = YES;
				CLANG_WARN_OBJC_LITERAL_CONVERSION = YES;
				CLANG_WARN_OBJC_ROOT_CLASS = YES_ERROR;
				CLANG_WARN_RANGE_LOOP_ANALYSIS = YES;
				CLANG_WARN_STRICT_PROTOTYPES = YES;
				CLANG_WARN_SUSPICIOUS_MOVE = YES;
				CLANG_WARN_UNGUARDED_AVAILABILITY = YES_AGGRESSIVE;
				CLANG_WARN_UNREACHABLE_CODE = YES;
				CLANG_WARN__DUPLICATE_METHOD_MATCH = YES;
				COPY_PHASE_STRIP = NO;
				DEBUG_INFORMATION_FORMAT = "dwarf-with-dsym";
				ENABLE_NS_ASSERTIONS = NO;
				ENABLE_STRICT_OBJC_MSGSEND = YES;
				GCC_C_LANGUAGE_STANDARD = gnu11;
				GCC_NO_COMMON_BLOCKS = YES;
				GCC_WARN_64_TO_32_BIT_CONVERSION = YES;
				GCC_WARN_ABOUT_RETURN_TYPE = YES_ERROR;
				GCC_WARN_UNDECLARED_SELECTOR = YES;
				GCC_WARN_UNINITIALIZED_AUTOS = YES_AGGRESSIVE;
				GCC_WARN_UNUSED_FUNCTION = YES;
				GCC_WARN_UNUSED_VARIABLE = YES;
				IPHONEOS_DEPLOYMENT_TARGET = 13.0;
				MTL_ENABLE_DEBUG_INFO = NO;
				MTL_FAST_MATH = YES;
				SDKROOT = iphoneos;
				SWIFT_COMPILATION_MODE = wholemodule;
				SWIFT_OPTIMIZATION_LEVEL = "-O";
				VALIDATE_PRODUCT = YES;
			};
			name = Release;
		};
		AD2A89F3245E7C7100A1815F /* Debug */ = {
			isa = XCBuildConfiguration;
			baseConfigurationReference = F90E08385653F25B32FB6533 /* Pods-Digit88WhetherApp.debug.xcconfig */;
			buildSettings = {
				ASSETCATALOG_COMPILER_APPICON_NAME = AppIcon;
				CODE_SIGN_STYLE = Automatic;
				INFOPLIST_FILE = Digit88WhetherApp/Info.plist;
				LD_RUNPATH_SEARCH_PATHS = (
					"$(inherited)",
					"@executable_path/Frameworks",
				);
				PRODUCT_BUNDLE_IDENTIFIER = com.test.Digit88WhetherApp;
				PRODUCT_NAME = "$(TARGET_NAME)";
				SWIFT_VERSION = 5.0;
				TARGETED_DEVICE_FAMILY = 1;
			};
			name = Debug;
		};
		AD2A89F4245E7C7100A1815F /* Release */ = {
			isa = XCBuildConfiguration;
			baseConfigurationReference = C0ABAF87462233750A0B7BE1 /* Pods-Digit88WhetherApp.release.xcconfig */;
			buildSettings = {
				ASSETCATALOG_COMPILER_APPICON_NAME = AppIcon;
				CODE_SIGN_STYLE = Automatic;
				INFOPLIST_FILE = Digit88WhetherApp/Info.plist;
				LD_RUNPATH_SEARCH_PATHS = (
					"$(inherited)",
					"@executable_path/Frameworks",
				);
				PRODUCT_BUNDLE_IDENTIFIER = com.test.Digit88WhetherApp;
				PRODUCT_NAME = "$(TARGET_NAME)";
				SWIFT_VERSION = 5.0;
				TARGETED_DEVICE_FAMILY = 1;
			};
			name = Release;
		};
		AD745D4C2460121100661005 /* Debug */ = {
			isa = XCBuildConfiguration;
			buildSettings = {
				BUNDLE_LOADER = "$(TEST_HOST)";
				CODE_SIGN_STYLE = Automatic;
				INFOPLIST_FILE = Digit88WhetherAppTests/Info.plist;
				LD_RUNPATH_SEARCH_PATHS = (
					"$(inherited)",
					"@executable_path/Frameworks",
					"@loader_path/Frameworks",
				);
				PRODUCT_BUNDLE_IDENTIFIER = com.test.Digit88WhetherAppTests;
				PRODUCT_NAME = "$(TARGET_NAME)";
				SWIFT_VERSION = 5.0;
				TARGETED_DEVICE_FAMILY = "1,2";
				TEST_HOST = "$(BUILT_PRODUCTS_DIR)/Digit88WhetherApp.app/Digit88WhetherApp";
			};
			name = Debug;
		};
		AD745D4D2460121100661005 /* Release */ = {
			isa = XCBuildConfiguration;
			buildSettings = {
				BUNDLE_LOADER = "$(TEST_HOST)";
				CODE_SIGN_STYLE = Automatic;
				INFOPLIST_FILE = Digit88WhetherAppTests/Info.plist;
				LD_RUNPATH_SEARCH_PATHS = (
					"$(inherited)",
					"@executable_path/Frameworks",
					"@loader_path/Frameworks",
				);
				PRODUCT_BUNDLE_IDENTIFIER = com.test.Digit88WhetherAppTests;
				PRODUCT_NAME = "$(TARGET_NAME)";
				SWIFT_VERSION = 5.0;
				TARGETED_DEVICE_FAMILY = "1,2";
				TEST_HOST = "$(BUILT_PRODUCTS_DIR)/Digit88WhetherApp.app/Digit88WhetherApp";
			};
			name = Release;
		};
		AD745D5A246012E000661005 /* Debug */ = {
			isa = XCBuildConfiguration;
			buildSettings = {
				CODE_SIGN_STYLE = Automatic;
				INFOPLIST_FILE = Digit88WhetherAppUITests/Info.plist;
				LD_RUNPATH_SEARCH_PATHS = (
					"$(inherited)",
					"@executable_path/Frameworks",
					"@loader_path/Frameworks",
				);
				PRODUCT_BUNDLE_IDENTIFIER = com.test.Digit88WhetherAppUITests;
				PRODUCT_NAME = "$(TARGET_NAME)";
				SWIFT_VERSION = 5.0;
				TARGETED_DEVICE_FAMILY = "1,2";
				TEST_TARGET_NAME = Digit88WhetherApp;
			};
			name = Debug;
		};
		AD745D5B246012E000661005 /* Release */ = {
			isa = XCBuildConfiguration;
			buildSettings = {
				CODE_SIGN_STYLE = Automatic;
				INFOPLIST_FILE = Digit88WhetherAppUITests/Info.plist;
				LD_RUNPATH_SEARCH_PATHS = (
					"$(inherited)",
					"@executable_path/Frameworks",
					"@loader_path/Frameworks",
				);
				PRODUCT_BUNDLE_IDENTIFIER = com.test.Digit88WhetherAppUITests;
				PRODUCT_NAME = "$(TARGET_NAME)";
				SWIFT_VERSION = 5.0;
				TARGETED_DEVICE_FAMILY = "1,2";
				TEST_TARGET_NAME = Digit88WhetherApp;
			};
			name = Release;
		};
/* End XCBuildConfiguration section */

/* Begin XCConfigurationList section */
		AD2A89C3245E7C7000A1815F /* Build configuration list for PBXProject "Digit88WhetherApp" */ = {
			isa = XCConfigurationList;
			buildConfigurations = (
				AD2A89F0245E7C7100A1815F /* Debug */,
				AD2A89F1245E7C7100A1815F /* Release */,
			);
			defaultConfigurationIsVisible = 0;
			defaultConfigurationName = Release;
		};
		AD2A89F2245E7C7100A1815F /* Build configuration list for PBXNativeTarget "Digit88WhetherApp" */ = {
			isa = XCConfigurationList;
			buildConfigurations = (
				AD2A89F3245E7C7100A1815F /* Debug */,
				AD2A89F4245E7C7100A1815F /* Release */,
			);
			defaultConfigurationIsVisible = 0;
			defaultConfigurationName = Release;
		};
		AD745D4B2460121100661005 /* Build configuration list for PBXNativeTarget "Digit88WhetherAppTests" */ = {
			isa = XCConfigurationList;
			buildConfigurations = (
				AD745D4C2460121100661005 /* Debug */,
				AD745D4D2460121100661005 /* Release */,
			);
			defaultConfigurationIsVisible = 0;
			defaultConfigurationName = Release;
		};
		AD745D59246012E000661005 /* Build configuration list for PBXNativeTarget "Digit88WhetherAppUITests" */ = {
			isa = XCConfigurationList;
			buildConfigurations = (
				AD745D5A246012E000661005 /* Debug */,
				AD745D5B246012E000661005 /* Release */,
			);
			defaultConfigurationIsVisible = 0;
			defaultConfigurationName = Release;
		};
/* End XCConfigurationList section */
	};
	rootObject = AD2A89C0245E7C7000A1815F /* Project object */;
}
